
Microsoft Visual Studio Solution File, Format Version 12.00
# Visual Studio Version 17
VisualStudioVersion = 17.7.34024.191
MinimumVisualStudioVersion = 10.0.40219.1
Project("{9A19103F-16F7-4668-BE54-9A1E7A4F7556}") = "OffiUtils", "OffiUtils\OffiUtils.csproj", "{E60C999D-316A-408C-AFEF-CF79603F7E5C}"
EndProject
Project("{9A19103F-16F7-4668-BE54-9A1E7A4F7556}") = "OffiUtils.Tests", "OffiUtils.Tests\OffiUtils.Tests.csproj", "{20BDABA9-400C-4BC1-AC60-471C3452AA76}"
EndProject
Global
	GlobalSection(SolutionConfigurationPlatforms) = preSolution
		Debug|Any CPU = Debug|Any CPU
		Release|Any CPU = Release|Any CPU
	EndGlobalSection
	GlobalSection(ProjectConfigurationPlatforms) = postSolution
		{E60C999D-316A-408C-AFEF-CF79603F7E5C}.Debug|Any CPU.ActiveCfg = Debug|Any CPU
		{E60C999D-316A-408C-AFEF-CF79603F7E5C}.Debug|Any CPU.Build.0 = Debug|Any CPU
		{E60C999D-316A-408C-AFEF-CF79603F7E5C}.Release|Any CPU.ActiveCfg = Release|Any CPU
		{E60C999D-316A-408C-AFEF-CF79603F7E5C}.Release|Any CPU.Build.0 = Release|Any CPU
		{20BDABA9-400C-4BC1-AC60-471C3452AA76}.Debug|Any CPU.ActiveCfg = Debug|Any CPU
		{20BDABA9-400C-4BC1-AC60-471C3452AA76}.Debug|Any CPU.Build.0 = Debug|Any CPU
		{20BDABA9-400C-4BC1-AC60-471C3452AA76}.Release|Any CPU.ActiveCfg = Release|Any CPU
		{20BDABA9-400C-4BC1-AC60-471C3452AA76}.Release|Any CPU.Build.0 = Release|Any CPU
	EndGlobalSection
	GlobalSection(SolutionProperties) = preSolution
		HideSolutionNode = FALSE
	EndGlobalSection
	GlobalSection(ExtensibilityGlobals) = postSolution
		SolutionGuid = {A016C48D-73FD-4EBE-BB6F-4B893FCCBFCD}
	EndGlobalSection
EndGlobal
